<?xml version="1.0" encoding="utf-8"?>
<Project ToolsVersion="4.0" xmlns="http://schemas.microsoft.com/developer/msbuild/2003">
  <ItemGroup>
    <Filter Include="Header Files">
      <UniqueIdentifier>{93995380-89BD-4b04-88EB-625FBE52EBFB}</UniqueIdentifier>
      <Extensions>h;hh;hpp;hxx;hm;inl;inc;xsd</Extensions>
    </Filter>
    <Filter Include="Source Files">
      <UniqueIdentifier>{4FC737F1-C7A5-4376-A066-2A32D752A2FF}</UniqueIdentifier>
      <Extensions>cpp;c;cc;cxx;def;odl;idl;hpj;bat;asm;asmx</Extensions>
    </Filter>
    <Filter Include="Resource Files">
      <UniqueIdentifier>{67DA6AB6-F800-4c08-8B7A-83BB121AAD01}</UniqueIdentifier>
      <Extensions>rc;ico;cur;bmp;dlg;rc2;rct;bin;rgs;gif;jpg;jpeg;jpe;resx;tiff;tif;png;wav;mfcribbon-ms</Extensions>
    </Filter>
  </ItemGroup>
  <ItemGroup>
    <Text Include="ReadMe.txt" />
  </ItemGroup>
  <ItemGroup>
    <ClInclude Include="stdafx.h">
      <Filter>Header Files</Filter>
    </ClInclude>
    <ClInclude Include="targetver.h">
      <Filter>Header Files</Filter>
    </ClInclude>
    <ClInclude Include="DBInterface.h">
      <Filter>Header Files</Filter>
    </ClInclude>
    <ClInclude Include="ODBCInterface.h">
      <Filter>Header Files</Filter>
    </ClInclude>
    <ClInclude Include="BaseType.h">
      <Filter>Source Files</Filter>
    </ClInclude>
    <ClInclude Include="Factory.h">
      <Filter>Header Files</Filter>
    </ClInclude>
    <ClInclude Include="FactoryManagerBase.h">
      <Filter>Header Files</Filter>
    </ClInclude>
    <ClInclude Include="UtilID.h">
      <Filter>Header Files</Filter>
    </ClInclude>
    <ClInclude Include="Allocator.h">
      <Filter>Header Files</Filter>
    </ClInclude>
    <ClInclude Include="PoolAllocatorEx.h">
      <Filter>Header Files</Filter>
    </ClInclude>
    <ClInclude Include="PoolAllocator.h">
      <Filter>Header Files</Filter>
    </ClInclude>
    <ClInclude Include="DLMalloc.h">
      <Filter>Header Files</Filter>
    </ClInclude>
    <ClInclude Include="DLMallocConfig.h">
      <Filter>Header Files</Filter>
    </ClInclude>
    <ClInclude Include="ServerConfig.h">
      <Filter>Source Files</Filter>
    </ClInclude>
    <ClInclude Include="MyMutex.h">
      <Filter>Header Files</Filter>
    </ClInclude>
    <ClInclude Include="LoadTemplate.h">
      <Filter>Header Files</Filter>
    </ClInclude>
    <ClInclude Include="LoadTemplateManager.h">
      <Filter>Header Files</Filter>
    </ClInclude>
    <ClInclude Include="LoadThread.h">
      <Filter>Header Files</Filter>
    </ClInclude>
    <ClInclude Include="MyFile.h">
      <Filter>Header Files</Filter>
    </ClInclude>
    <ClInclude Include="Timer.h">
      <Filter>Header Files</Filter>
    </ClInclude>
    <ClInclude Include="CommonConfig.h">
      <Filter>Header Files</Filter>
    </ClInclude>
    <ClInclude Include="Thread.h">
      <Filter>Header Files</Filter>
    </ClInclude>
    <ClInclude Include="NoCopyable.h">
      <Filter>Header Files</Filter>
    </ClInclude>
    <ClInclude Include="OperatorNew.h">
      <Filter>Header Files</Filter>
    </ClInclude>
    <ClInclude Include="Singleton.h">
      <Filter>Header Files</Filter>
    </ClInclude>
  </ItemGroup>
  <ItemGroup>
    <ClCompile Include="stdafx.cpp">
      <Filter>Source Files</Filter>
    </ClCompile>
    <ClCompile Include="Test.cpp">
      <Filter>Source Files</Filter>
    </ClCompile>
    <ClCompile Include="DBInterface.cpp">
      <Filter>Source Files</Filter>
    </ClCompile>
    <ClCompile Include="ODBCInterface.cpp">
      <Filter>Source Files</Filter>
    </ClCompile>
    <ClCompile Include="Factory.cpp">
      <Filter>Source Files</Filter>
    </ClCompile>
    <ClCompile Include="FactoryManagerBase.cpp">
      <Filter>Source Files</Filter>
    </ClCompile>
    <ClCompile Include="UtilID.cpp">
      <Filter>Source Files</Filter>
    </ClCompile>
    <ClCompile Include="Allocator.cpp">
      <Filter>Source Files</Filter>
    </ClCompile>
    <ClCompile Include="PoolAllocatorEx.cpp">
      <Filter>Source Files</Filter>
    </ClCompile>
    <ClCompile Include="PoolAllocator.cpp">
      <Filter>Source Files</Filter>
    </ClCompile>
    <ClCompile Include="DLMalloc.cpp">
      <Filter>Source Files</Filter>
    </ClCompile>
    <ClCompile Include="MyMutex.cpp">
      <Filter>Source Files</Filter>
    </ClCompile>
    <ClCompile Include="DLMallocConfig.cpp">
      <Filter>Source Files</Filter>
    </ClCompile>
    <ClCompile Include="LoadTemplate.cpp">
      <Filter>Source Files</Filter>
    </ClCompile>
    <ClCompile Include="LoadTemplateManager.cpp">
      <Filter>Source Files</Filter>
    </ClCompile>
    <ClCompile Include="LoadThread.cpp">
      <Filter>Source Files</Filter>
    </ClCompile>
    <ClCompile Include="MyFile.cpp">
      <Filter>Source Files</Filter>
    </ClCompile>
    <ClCompile Include="CommonConfig.cpp">
      <Filter>Source Files</Filter>
    </ClCompile>
    <ClCompile Include="Thread.cpp">
      <Filter>Source Files</Filter>
    </ClCompile>
    <ClCompile Include="OperatorNew.cpp">
      <Filter>Source Files</Filter>
    </ClCompile>
  </ItemGroup>
</Project>