<?xml version="1.0" encoding="utf-8"?>
<Project ToolsVersion="4.0" xmlns="http://schemas.microsoft.com/developer/msbuild/2003">
  <ItemGroup>
    <Filter Include="Header Files">
      <UniqueIdentifier>{93995380-89BD-4b04-88EB-625FBE52EBFB}</UniqueIdentifier>
      <Extensions>h;hh;hpp;hxx;hm;inl;inc;xsd</Extensions>
    </Filter>
    <Filter Include="Source Files">
      <UniqueIdentifier>{4FC737F1-C7A5-4376-A066-2A32D752A2FF}</UniqueIdentifier>
      <Extensions>cpp;c;cc;cxx;def;odl;idl;hpj;bat;asm;asmx</Extensions>
    </Filter>
    <Filter Include="Resource Files">
      <UniqueIdentifier>{67DA6AB6-F800-4c08-8B7A-83BB121AAD01}</UniqueIdentifier>
      <Extensions>rc;ico;cur;bmp;dlg;rc2;rct;bin;rgs;gif;jpg;jpeg;jpe;resx;tiff;tif;png;wav;mfcribbon-ms</Extensions>
    </Filter>
    <Filter Include="tinyxml">
      <UniqueIdentifier>{1e6bcd4f-9f82-4f21-94a4-a1f9bac48f0d}</UniqueIdentifier>
    </Filter>
    <Filter Include="Util">
      <UniqueIdentifier>{ab041ec2-3c88-443e-ba3b-237d1ed8d032}</UniqueIdentifier>
    </Filter>
    <Filter Include="Util\Container">
      <UniqueIdentifier>{6c57461c-fdaf-4a07-a6e5-af7ccd02c763}</UniqueIdentifier>
    </Filter>
    <Filter Include="Game">
      <UniqueIdentifier>{69b800fb-a9be-4786-9333-c5e4a5c01e52}</UniqueIdentifier>
    </Filter>
    <Filter Include="Game\Avatar">
      <UniqueIdentifier>{b08515a2-4333-46d9-84fd-b3b998916a3e}</UniqueIdentifier>
    </Filter>
    <Filter Include="Game\Scene">
      <UniqueIdentifier>{babee6e3-6d98-4f64-a9bf-f2b37ad268dd}</UniqueIdentifier>
    </Filter>
    <Filter Include="Util\Time">
      <UniqueIdentifier>{932440a5-8298-41e9-b608-96b1d59f4883}</UniqueIdentifier>
    </Filter>
  </ItemGroup>
  <ItemGroup>
    <Text Include="ReadMe.txt" />
  </ItemGroup>
  <ItemGroup>
    <ClInclude Include="stdafx.h">
      <Filter>Header Files</Filter>
    </ClInclude>
    <ClInclude Include="targetver.h">
      <Filter>Header Files</Filter>
    </ClInclude>
    <ClInclude Include="DBInterface.h">
      <Filter>Header Files</Filter>
    </ClInclude>
    <ClInclude Include="ODBCInterface.h">
      <Filter>Header Files</Filter>
    </ClInclude>
    <ClInclude Include="Factory.h">
      <Filter>Header Files</Filter>
    </ClInclude>
    <ClInclude Include="FactoryManagerBase.h">
      <Filter>Header Files</Filter>
    </ClInclude>
    <ClInclude Include="UtilID.h">
      <Filter>Header Files</Filter>
    </ClInclude>
    <ClInclude Include="Allocator.h">
      <Filter>Header Files</Filter>
    </ClInclude>
    <ClInclude Include="PoolAllocatorEx.h">
      <Filter>Header Files</Filter>
    </ClInclude>
    <ClInclude Include="PoolAllocator.h">
      <Filter>Header Files</Filter>
    </ClInclude>
    <ClInclude Include="DLMalloc.h">
      <Filter>Header Files</Filter>
    </ClInclude>
    <ClInclude Include="DLMallocConfig.h">
      <Filter>Header Files</Filter>
    </ClInclude>
    <ClInclude Include="ServerConfig.h">
      <Filter>Source Files</Filter>
    </ClInclude>
    <ClInclude Include="MyMutex.h">
      <Filter>Header Files</Filter>
    </ClInclude>
    <ClInclude Include="LoadTemplate.h">
      <Filter>Header Files</Filter>
    </ClInclude>
    <ClInclude Include="LoadTemplateManager.h">
      <Filter>Header Files</Filter>
    </ClInclude>
    <ClInclude Include="LoadThread.h">
      <Filter>Header Files</Filter>
    </ClInclude>
    <ClInclude Include="MyFile.h">
      <Filter>Header Files</Filter>
    </ClInclude>
    <ClInclude Include="Timer.h">
      <Filter>Header Files</Filter>
    </ClInclude>
    <ClInclude Include="CommonConfig.h">
      <Filter>Header Files</Filter>
    </ClInclude>
    <ClInclude Include="Thread.h">
      <Filter>Header Files</Filter>
    </ClInclude>
    <ClInclude Include="NoCopyable.h">
      <Filter>Header Files</Filter>
    </ClInclude>
    <ClInclude Include="OperatorNew.h">
      <Filter>Header Files</Filter>
    </ClInclude>
    <ClInclude Include="Singleton.h">
      <Filter>Header Files</Filter>
    </ClInclude>
    <ClInclude Include="DLAllocator.h">
      <Filter>Header Files</Filter>
    </ClInclude>
    <ClInclude Include="LogThread.h">
      <Filter>Header Files</Filter>
    </ClInclude>
    <ClInclude Include="FunctionBase.h">
      <Filter>Header Files</Filter>
    </ClInclude>
    <ClInclude Include="Log.h">
      <Filter>Header Files</Filter>
    </ClInclude>
    <ClInclude Include="MyLog.h">
      <Filter>Header Files</Filter>
    </ClInclude>
    <ClInclude Include="RSAipher.h">
      <Filter>Header Files</Filter>
    </ClInclude>
    <ClInclude Include="AreaManager.h">
      <Filter>Header Files</Filter>
    </ClInclude>
    <ClInclude Include="MyVector.h">
      <Filter>Header Files</Filter>
    </ClInclude>
    <ClInclude Include="MyMath.h">
      <Filter>Header Files</Filter>
    </ClInclude>
    <ClInclude Include="SceneContentNpc.h">
      <Filter>Header Files</Filter>
    </ClInclude>
    <ClInclude Include="SceneContentItem.h">
      <Filter>Header Files</Filter>
    </ClInclude>
    <ClInclude Include="ParamDef.h">
      <Filter>Header Files</Filter>
    </ClInclude>
    <ClInclude Include="ParamDefManager.h">
      <Filter>Header Files</Filter>
    </ClInclude>
    <ClInclude Include="ParamEx.h">
      <Filter>Header Files</Filter>
    </ClInclude>
    <ClInclude Include="MyClass.h">
      <Filter>Header Files</Filter>
    </ClInclude>
    <ClInclude Include="BaseType.h">
      <Filter>Header Files</Filter>
    </ClInclude>
    <ClInclude Include="MyString.h">
      <Filter>Header Files</Filter>
    </ClInclude>
    <ClInclude Include="ParamPool.h">
      <Filter>Header Files</Filter>
    </ClInclude>
    <ClInclude Include="NpcParamDef.h">
      <Filter>Header Files</Filter>
    </ClInclude>
    <ClInclude Include="ParamSet.h">
      <Filter>Header Files</Filter>
    </ClInclude>
    <ClInclude Include="ParamDebugHelper.h">
      <Filter>Header Files</Filter>
    </ClInclude>
    <ClInclude Include="DataBuffer.h">
      <Filter>Header Files</Filter>
    </ClInclude>
    <ClInclude Include="MyMD5.h">
      <Filter>Header Files</Filter>
    </ClInclude>
    <ClInclude Include="NetManager.h">
      <Filter>Header Files</Filter>
    </ClInclude>
    <ClInclude Include="NetChannel.h">
      <Filter>Header Files</Filter>
    </ClInclude>
    <ClInclude Include="NetChannelBase.h">
      <Filter>Header Files</Filter>
    </ClInclude>
    <ClInclude Include="MySocket.h">
      <Filter>Header Files</Filter>
    </ClInclude>
    <ClInclude Include="MySockAddr.h">
      <Filter>Header Files</Filter>
    </ClInclude>
    <ClInclude Include="MYEvent.h">
      <Filter>Header Files</Filter>
    </ClInclude>
    <ClInclude Include="PacketBase.h">
      <Filter>Header Files</Filter>
    </ClInclude>
    <ClInclude Include="PacketList.h">
      <Filter>Header Files</Filter>
    </ClInclude>
    <ClInclude Include="Atomic.h">
      <Filter>Header Files</Filter>
    </ClInclude>
    <ClInclude Include="CircularBufferEx.h">
      <Filter>Header Files</Filter>
    </ClInclude>
    <ClInclude Include="PacketFactory.h">
      <Filter>Header Files</Filter>
    </ClInclude>
    <ClInclude Include="MyNetWork.h">
      <Filter>Header Files</Filter>
    </ClInclude>
    <ClInclude Include="SocketAccept.h">
      <Filter>Header Files</Filter>
    </ClInclude>
    <ClInclude Include="DataSerialization.h">
      <Filter>Header Files</Filter>
    </ClInclude>
    <ClInclude Include="LZOCompressor.h">
      <Filter>Header Files</Filter>
    </ClInclude>
    <ClInclude Include="lzoconf.h">
      <Filter>Header Files</Filter>
    </ClInclude>
    <ClInclude Include="lzodefs.h">
      <Filter>Header Files</Filter>
    </ClInclude>
    <ClInclude Include="minilzo.h">
      <Filter>Header Files</Filter>
    </ClInclude>
    <ClInclude Include="BlowFishCipher.h">
      <Filter>Header Files</Filter>
    </ClInclude>
    <ClInclude Include="PacketProcessor.h">
      <Filter>Header Files</Filter>
    </ClInclude>
    <ClInclude Include="MyPacket.h">
      <Filter>Header Files</Filter>
    </ClInclude>
    <ClInclude Include="MyFactory.h">
      <Filter>Header Files</Filter>
    </ClInclude>
    <ClInclude Include="PacketImpl.h">
      <Filter>Header Files</Filter>
    </ClInclude>
    <ClInclude Include="PacketSender.h">
      <Filter>Header Files</Filter>
    </ClInclude>
    <ClInclude Include="MyClassManager.h">
      <Filter>Header Files</Filter>
    </ClInclude>
    <ClInclude Include="MyXml.h">
      <Filter>Header Files</Filter>
    </ClInclude>
    <ClInclude Include="PeerModuleBase.h">
      <Filter>Header Files</Filter>
    </ClInclude>
    <ClInclude Include="ModuleBase.h">
      <Filter>Header Files</Filter>
    </ClInclude>
    <ClInclude Include="ServerGrpInfo.h">
      <Filter>Header Files</Filter>
    </ClInclude>
    <ClInclude Include="SHMManager_DBA.h">
      <Filter>Header Files</Filter>
    </ClInclude>
    <ClInclude Include="SHMManagerBase.h">
      <Filter>Header Files</Filter>
    </ClInclude>
    <ClInclude Include="ParamPool2SqlProcessor.h">
      <Filter>Header Files</Filter>
    </ClInclude>
    <ClInclude Include="GameUtil.h">
      <Filter>Header Files</Filter>
    </ClInclude>
    <ClInclude Include="resource.h">
      <Filter>Header Files</Filter>
    </ClInclude>
    <ClInclude Include="DBAConfig.h">
      <Filter>Header Files</Filter>
    </ClInclude>
    <ClInclude Include="ShareMemory.h">
      <Filter>Header Files</Filter>
    </ClInclude>
    <ClInclude Include="ModuleFuncManager.h">
      <Filter>Header Files</Filter>
    </ClInclude>
    <ClInclude Include="ServerManager.h">
      <Filter>Header Files</Filter>
    </ClInclude>
    <ClInclude Include="MyListNode.h">
      <Filter>Header Files</Filter>
    </ClInclude>
    <ClInclude Include="TimeManager.h">
      <Filter>Header Files</Filter>
    </ClInclude>
    <ClInclude Include="PeerSrvModuleBase.h">
      <Filter>Header Files</Filter>
    </ClInclude>
    <ClInclude Include="SrvBase.h">
      <Filter>Header Files</Filter>
    </ClInclude>
    <ClInclude Include="IRecvPacketFilter.h">
      <Filter>Header Files</Filter>
    </ClInclude>
    <ClInclude Include="PeerBase.h">
      <Filter>Header Files</Filter>
    </ClInclude>
    <ClInclude Include="WatchDog.h">
      <Filter>Header Files</Filter>
    </ClInclude>
    <ClInclude Include="SrvPacketTestManager.h">
      <Filter>Header Files</Filter>
    </ClInclude>
    <ClInclude Include="CommonDataOwner.h">
      <Filter>Header Files</Filter>
    </ClInclude>
    <ClInclude Include="Avatar.h">
      <Filter>Header Files</Filter>
    </ClInclude>
    <ClInclude Include="ParamTypeDef.h">
      <Filter>Header Files</Filter>
    </ClInclude>
    <ClInclude Include="PacketParamPool.h">
      <Filter>Header Files</Filter>
    </ClInclude>
    <ClInclude Include="ParamPoolOwner.h">
      <Filter>Header Files</Filter>
    </ClInclude>
    <ClInclude Include="GameObject.h">
      <Filter>Header Files</Filter>
    </ClInclude>
    <ClInclude Include="AvatarSrvEx.h">
      <Filter>Header Files</Filter>
    </ClInclude>
    <ClInclude Include="AvatarSrv.h">
      <Filter>Header Files</Filter>
    </ClInclude>
    <ClInclude Include="CommonDataCont.h">
      <Filter>Header Files</Filter>
    </ClInclude>
    <ClInclude Include="MyLoadTemplateManager.h">
      <Filter>Header Files</Filter>
    </ClInclude>
    <ClInclude Include="NodeSrvGrp.h">
      <Filter>Header Files</Filter>
    </ClInclude>
    <ClInclude Include="ServerGrp.h">
      <Filter>Header Files</Filter>
    </ClInclude>
    <ClInclude Include="GateSrvGrp.h">
      <Filter>Header Files</Filter>
    </ClInclude>
    <ClInclude Include="SpaceManager.h">
      <Filter>Header Files</Filter>
    </ClInclude>
    <ClInclude Include="ParamNameIndexHelper.h">
      <Filter>Header Files</Filter>
    </ClInclude>
    <ClInclude Include="AsynContextManager.h">
      <Filter>Header Files</Filter>
    </ClInclude>
    <ClInclude Include="ID2ItemMap.h">
      <Filter>Header Files</Filter>
    </ClInclude>
    <ClInclude Include="GMap.h">
      <Filter>Header Files</Filter>
    </ClInclude>
    <ClInclude Include="CasterTrunkContainer.h">
      <Filter>Header Files</Filter>
    </ClInclude>
    <ClInclude Include="ConfigManager.h">
      <Filter>Header Files</Filter>
    </ClInclude>
    <ClInclude Include="ParamHelperDefine.h">
      <Filter>Header Files</Filter>
    </ClInclude>
    <ClInclude Include="thirdparty\tinyxml\tinystr.h">
      <Filter>tinyxml</Filter>
    </ClInclude>
    <ClInclude Include="thirdparty\tinyxml\tinyxml.h">
      <Filter>tinyxml</Filter>
    </ClInclude>
    <ClInclude Include="CircularList.h">
      <Filter>Util\Container</Filter>
    </ClInclude>
    <ClInclude Include="CircularQueue.h">
      <Filter>Util\Container</Filter>
    </ClInclude>
    <ClInclude Include="CircularListEx.h">
      <Filter>Util\Container</Filter>
    </ClInclude>
    <ClInclude Include="Scene.h">
      <Filter>Game\Scene</Filter>
    </ClInclude>
    <ClInclude Include="SceneInfo.h">
      <Filter>Game\Scene</Filter>
    </ClInclude>
    <ClInclude Include="SceneManager.h">
      <Filter>Game\Scene</Filter>
    </ClInclude>
    <ClInclude Include="SceneManagerBase.h">
      <Filter>Game\Scene</Filter>
    </ClInclude>
    <ClInclude Include="SceneInstanceMgr.h">
      <Filter>Header Files</Filter>
    </ClInclude>
    <ClInclude Include="Time.h">
      <Filter>Util\Time</Filter>
    </ClInclude>
    <ClInclude Include="AvatarManager.h">
      <Filter>Header Files</Filter>
    </ClInclude>
    <ClInclude Include="ArenaDefine.h">
      <Filter>Header Files</Filter>
    </ClInclude>
  </ItemGroup>
  <ItemGroup>
    <ClCompile Include="stdafx.cpp">
      <Filter>Source Files</Filter>
    </ClCompile>
    <ClCompile Include="Test.cpp">
      <Filter>Source Files</Filter>
    </ClCompile>
    <ClCompile Include="DBInterface.cpp">
      <Filter>Source Files</Filter>
    </ClCompile>
    <ClCompile Include="ODBCInterface.cpp">
      <Filter>Source Files</Filter>
    </ClCompile>
    <ClCompile Include="Factory.cpp">
      <Filter>Source Files</Filter>
    </ClCompile>
    <ClCompile Include="FactoryManagerBase.cpp">
      <Filter>Source Files</Filter>
    </ClCompile>
    <ClCompile Include="UtilID.cpp">
      <Filter>Source Files</Filter>
    </ClCompile>
    <ClCompile Include="Allocator.cpp">
      <Filter>Source Files</Filter>
    </ClCompile>
    <ClCompile Include="PoolAllocatorEx.cpp">
      <Filter>Source Files</Filter>
    </ClCompile>
    <ClCompile Include="PoolAllocator.cpp">
      <Filter>Source Files</Filter>
    </ClCompile>
    <ClCompile Include="DLMalloc.cpp">
      <Filter>Source Files</Filter>
    </ClCompile>
    <ClCompile Include="MyMutex.cpp">
      <Filter>Source Files</Filter>
    </ClCompile>
    <ClCompile Include="DLMallocConfig.cpp">
      <Filter>Source Files</Filter>
    </ClCompile>
    <ClCompile Include="LoadTemplate.cpp">
      <Filter>Source Files</Filter>
    </ClCompile>
    <ClCompile Include="LoadTemplateManager.cpp">
      <Filter>Source Files</Filter>
    </ClCompile>
    <ClCompile Include="LoadThread.cpp">
      <Filter>Source Files</Filter>
    </ClCompile>
    <ClCompile Include="MyFile.cpp">
      <Filter>Source Files</Filter>
    </ClCompile>
    <ClCompile Include="CommonConfig.cpp">
      <Filter>Source Files</Filter>
    </ClCompile>
    <ClCompile Include="Thread.cpp">
      <Filter>Source Files</Filter>
    </ClCompile>
    <ClCompile Include="OperatorNew.cpp">
      <Filter>Source Files</Filter>
    </ClCompile>
    <ClCompile Include="DLAllocator.cpp">
      <Filter>Source Files</Filter>
    </ClCompile>
    <ClCompile Include="LogThread.cpp">
      <Filter>Source Files</Filter>
    </ClCompile>
    <ClCompile Include="FunctionBase.cpp">
      <Filter>Source Files</Filter>
    </ClCompile>
    <ClCompile Include="Log.cpp">
      <Filter>Source Files</Filter>
    </ClCompile>
    <ClCompile Include="MyLog.cpp">
      <Filter>Source Files</Filter>
    </ClCompile>
    <ClCompile Include="RSAipher.cpp">
      <Filter>Source Files</Filter>
    </ClCompile>
    <ClCompile Include="AreaManager.cpp">
      <Filter>Source Files</Filter>
    </ClCompile>
    <ClCompile Include="MyVector.cpp">
      <Filter>Source Files</Filter>
    </ClCompile>
    <ClCompile Include="MyMath.cpp">
      <Filter>Source Files</Filter>
    </ClCompile>
    <ClCompile Include="SceneContentNpc.cpp">
      <Filter>Source Files</Filter>
    </ClCompile>
    <ClCompile Include="SceneContentItem.cpp">
      <Filter>Source Files</Filter>
    </ClCompile>
    <ClCompile Include="ParamDef.cpp">
      <Filter>Source Files</Filter>
    </ClCompile>
    <ClCompile Include="ParamDefManager.cpp">
      <Filter>Source Files</Filter>
    </ClCompile>
    <ClCompile Include="ParamEx.cpp">
      <Filter>Source Files</Filter>
    </ClCompile>
    <ClCompile Include="MyClass.cpp">
      <Filter>Source Files</Filter>
    </ClCompile>
    <ClCompile Include="MyString.cpp">
      <Filter>Source Files</Filter>
    </ClCompile>
    <ClCompile Include="ParamPool.cpp">
      <Filter>Source Files</Filter>
    </ClCompile>
    <ClCompile Include="NpcParamDef.cpp">
      <Filter>Source Files</Filter>
    </ClCompile>
    <ClCompile Include="ParamSet.cpp">
      <Filter>Header Files</Filter>
    </ClCompile>
    <ClCompile Include="ParamDebugHelper.cpp">
      <Filter>Source Files</Filter>
    </ClCompile>
    <ClCompile Include="DataBuffer.cpp">
      <Filter>Source Files</Filter>
    </ClCompile>
    <ClCompile Include="MyMD5.cpp">
      <Filter>Source Files</Filter>
    </ClCompile>
    <ClCompile Include="NetManager.cpp">
      <Filter>Source Files</Filter>
    </ClCompile>
    <ClCompile Include="NetChannel.cpp">
      <Filter>Source Files</Filter>
    </ClCompile>
    <ClCompile Include="NetChannelBase.cpp">
      <Filter>Source Files</Filter>
    </ClCompile>
    <ClCompile Include="NetEventHandler.cpp">
      <Filter>Source Files</Filter>
    </ClCompile>
    <ClCompile Include="MySocket.cpp">
      <Filter>Source Files</Filter>
    </ClCompile>
    <ClCompile Include="MYEvent.cpp">
      <Filter>Source Files</Filter>
    </ClCompile>
    <ClCompile Include="PacketBase.cpp">
      <Filter>Source Files</Filter>
    </ClCompile>
    <ClCompile Include="PacketList.cpp">
      <Filter>Source Files</Filter>
    </ClCompile>
    <ClCompile Include="Atomic.cpp">
      <Filter>Source Files</Filter>
    </ClCompile>
    <ClCompile Include="CircularBufferEx.cpp">
      <Filter>Source Files</Filter>
    </ClCompile>
    <ClCompile Include="PacketFactory.cpp">
      <Filter>Source Files</Filter>
    </ClCompile>
    <ClCompile Include="MyNetWork.cpp">
      <Filter>Source Files</Filter>
    </ClCompile>
    <ClCompile Include="NetReactor.cpp">
      <Filter>Source Files</Filter>
    </ClCompile>
    <ClCompile Include="SocketAccept.cpp">
      <Filter>Source Files</Filter>
    </ClCompile>
    <ClCompile Include="DataSerialization.cpp">
      <Filter>Source Files</Filter>
    </ClCompile>
    <ClCompile Include="MySockAddr.cpp">
      <Filter>Source Files</Filter>
    </ClCompile>
    <ClCompile Include="LZOCompressor.cpp">
      <Filter>Source Files</Filter>
    </ClCompile>
    <ClCompile Include="minilzo.c">
      <Filter>Source Files</Filter>
    </ClCompile>
    <ClCompile Include="BlowFishCipher.cpp">
      <Filter>Source Files</Filter>
    </ClCompile>
    <ClCompile Include="PacketProcessor.cpp">
      <Filter>Source Files</Filter>
    </ClCompile>
    <ClCompile Include="MyPacket.cpp">
      <Filter>Source Files</Filter>
    </ClCompile>
    <ClCompile Include="MyFactory.cpp">
      <Filter>Source Files</Filter>
    </ClCompile>
    <ClCompile Include="PacketImpl.cpp">
      <Filter>Source Files</Filter>
    </ClCompile>
    <ClCompile Include="PacketSender.cpp">
      <Filter>Source Files</Filter>
    </ClCompile>
    <ClCompile Include="MyClassManager.cpp">
      <Filter>Source Files</Filter>
    </ClCompile>
    <ClCompile Include="PeerModuleBase.cpp">
      <Filter>Source Files</Filter>
    </ClCompile>
    <ClCompile Include="ModuleBase.cpp">
      <Filter>Source Files</Filter>
    </ClCompile>
    <ClCompile Include="ServerGrpInfo.cpp">
      <Filter>Source Files</Filter>
    </ClCompile>
    <ClCompile Include="SHMManager_DBA.cpp">
      <Filter>Source Files</Filter>
    </ClCompile>
    <ClCompile Include="SHMManagerBase.cpp">
      <Filter>Source Files</Filter>
    </ClCompile>
    <ClCompile Include="ParamPool2SqlProcessor.cpp">
      <Filter>Source Files</Filter>
    </ClCompile>
    <ClCompile Include="GameUtil.cpp">
      <Filter>Source Files</Filter>
    </ClCompile>
    <ClCompile Include="DBAConfig.cpp">
      <Filter>Source Files</Filter>
    </ClCompile>
    <ClCompile Include="ShareMemory.cpp">
      <Filter>Source Files</Filter>
    </ClCompile>
    <ClCompile Include="ModuleFuncManager.cpp">
      <Filter>Source Files</Filter>
    </ClCompile>
    <ClCompile Include="ServerManager.cpp">
      <Filter>Source Files</Filter>
    </ClCompile>
    <ClCompile Include="MyListNode.cpp">
      <Filter>Source Files</Filter>
    </ClCompile>
    <ClCompile Include="TimeManager.cpp">
      <Filter>Source Files</Filter>
    </ClCompile>
    <ClCompile Include="PeerSrvModuleBase.cpp">
      <Filter>Source Files</Filter>
    </ClCompile>
    <ClCompile Include="SrvBase.cpp">
      <Filter>Source Files</Filter>
    </ClCompile>
    <ClCompile Include="PeerBase.cpp">
      <Filter>Source Files</Filter>
    </ClCompile>
    <ClCompile Include="WatchDog.cpp">
      <Filter>Source Files</Filter>
    </ClCompile>
    <ClCompile Include="SrvPacketTestManager.cpp">
      <Filter>Source Files</Filter>
    </ClCompile>
    <ClCompile Include="CommonDataOwner.cpp">
      <Filter>Source Files</Filter>
    </ClCompile>
    <ClCompile Include="Avatar.cpp">
      <Filter>Source Files</Filter>
    </ClCompile>
    <ClCompile Include="PacketParamPool.cpp">
      <Filter>Source Files</Filter>
    </ClCompile>
    <ClCompile Include="ParamPoolOwner.cpp">
      <Filter>Source Files</Filter>
    </ClCompile>
    <ClCompile Include="GameObject.cpp">
      <Filter>Source Files</Filter>
    </ClCompile>
    <ClCompile Include="AvatarSrvEx.cpp">
      <Filter>Source Files</Filter>
    </ClCompile>
    <ClCompile Include="AvatarSrv.cpp">
      <Filter>Source Files</Filter>
    </ClCompile>
    <ClCompile Include="CommonDataCont.cpp">
      <Filter>Source Files</Filter>
    </ClCompile>
    <ClCompile Include="MyLoadTemplateManager.cpp">
      <Filter>Source Files</Filter>
    </ClCompile>
    <ClCompile Include="NodeSrvGrp.cpp">
      <Filter>Source Files</Filter>
    </ClCompile>
    <ClCompile Include="ServerGrp.cpp">
      <Filter>Source Files</Filter>
    </ClCompile>
    <ClCompile Include="GateSrvGrp.cpp">
      <Filter>Source Files</Filter>
    </ClCompile>
    <ClCompile Include="SpaceManager.cpp">
      <Filter>Source Files</Filter>
    </ClCompile>
    <ClCompile Include="ParamNameIndexHelper.cpp">
      <Filter>Source Files</Filter>
    </ClCompile>
    <ClCompile Include="AsynContextManager.cpp">
      <Filter>Source Files</Filter>
    </ClCompile>
    <ClCompile Include="ID2ItemMap.cpp">
      <Filter>Source Files</Filter>
    </ClCompile>
    <ClCompile Include="GMap.cpp">
      <Filter>Source Files</Filter>
    </ClCompile>
    <ClCompile Include="CasterTrunkContainer.cpp">
      <Filter>Source Files</Filter>
    </ClCompile>
    <ClCompile Include="ConfigManager.cpp">
      <Filter>Source Files</Filter>
    </ClCompile>
    <ClCompile Include="ServerConfig.cpp">
      <Filter>Source Files</Filter>
    </ClCompile>
    <ClCompile Include="ParamHelperDefine.cpp">
      <Filter>Source Files</Filter>
    </ClCompile>
    <ClCompile Include="thirdparty\tinyxml\tinystr.cpp">
      <Filter>tinyxml</Filter>
    </ClCompile>
    <ClCompile Include="thirdparty\tinyxml\tinyxml.cpp">
      <Filter>tinyxml</Filter>
    </ClCompile>
    <ClCompile Include="thirdparty\tinyxml\tinyxmlerror.cpp">
      <Filter>tinyxml</Filter>
    </ClCompile>
    <ClCompile Include="thirdparty\tinyxml\tinyxmlparser.cpp">
      <Filter>tinyxml</Filter>
    </ClCompile>
    <ClCompile Include="CircularList.cpp">
      <Filter>Util\Container</Filter>
    </ClCompile>
    <ClCompile Include="CircularQueue.cpp">
      <Filter>Util\Container</Filter>
    </ClCompile>
    <ClCompile Include="CircularListEx.cpp">
      <Filter>Util\Container</Filter>
    </ClCompile>
    <ClCompile Include="Scene.cpp">
      <Filter>Game\Scene</Filter>
    </ClCompile>
    <ClCompile Include="SceneInfo.cpp">
      <Filter>Game\Scene</Filter>
    </ClCompile>
    <ClCompile Include="SceneManager.cpp">
      <Filter>Game\Scene</Filter>
    </ClCompile>
    <ClCompile Include="SceneManagerBase.cpp">
      <Filter>Game\Scene</Filter>
    </ClCompile>
    <ClCompile Include="SceneInstanceMgr.cpp">
      <Filter>Source Files</Filter>
    </ClCompile>
    <ClCompile Include="Time.cpp">
      <Filter>Util\Time</Filter>
    </ClCompile>
    <ClCompile Include="AvatarManager.cpp">
      <Filter>Source Files</Filter>
    </ClCompile>
  </ItemGroup>
</Project>