<?xml version="1.0" encoding="utf-8"?>
<Project ToolsVersion="4.0" xmlns="http://schemas.microsoft.com/developer/msbuild/2003">
  <ItemGroup>
    <Filter Include="Header Files">
      <UniqueIdentifier>{93995380-89BD-4b04-88EB-625FBE52EBFB}</UniqueIdentifier>
      <Extensions>h;hh;hpp;hxx;hm;inl;inc;xsd</Extensions>
    </Filter>
    <Filter Include="Source Files">
      <UniqueIdentifier>{4FC737F1-C7A5-4376-A066-2A32D752A2FF}</UniqueIdentifier>
      <Extensions>cpp;c;cc;cxx;def;odl;idl;hpj;bat;asm;asmx</Extensions>
    </Filter>
    <Filter Include="Resource Files">
      <UniqueIdentifier>{67DA6AB6-F800-4c08-8B7A-83BB121AAD01}</UniqueIdentifier>
      <Extensions>rc;ico;cur;bmp;dlg;rc2;rct;bin;rgs;gif;jpg;jpeg;jpe;resx;tiff;tif;png;wav;mfcribbon-ms</Extensions>
    </Filter>
  </ItemGroup>
  <ItemGroup>
    <Text Include="ReadMe.txt" />
  </ItemGroup>
  <ItemGroup>
    <ClInclude Include="stdafx.h">
      <Filter>Header Files</Filter>
    </ClInclude>
    <ClInclude Include="targetver.h">
      <Filter>Header Files</Filter>
    </ClInclude>
    <ClInclude Include="DBInterface.h">
      <Filter>Header Files</Filter>
    </ClInclude>
    <ClInclude Include="ODBCInterface.h">
      <Filter>Header Files</Filter>
    </ClInclude>
    <ClInclude Include="Factory.h">
      <Filter>Header Files</Filter>
    </ClInclude>
    <ClInclude Include="FactoryManagerBase.h">
      <Filter>Header Files</Filter>
    </ClInclude>
    <ClInclude Include="UtilID.h">
      <Filter>Header Files</Filter>
    </ClInclude>
    <ClInclude Include="Allocator.h">
      <Filter>Header Files</Filter>
    </ClInclude>
    <ClInclude Include="PoolAllocatorEx.h">
      <Filter>Header Files</Filter>
    </ClInclude>
    <ClInclude Include="PoolAllocator.h">
      <Filter>Header Files</Filter>
    </ClInclude>
    <ClInclude Include="DLMalloc.h">
      <Filter>Header Files</Filter>
    </ClInclude>
    <ClInclude Include="DLMallocConfig.h">
      <Filter>Header Files</Filter>
    </ClInclude>
    <ClInclude Include="ServerConfig.h">
      <Filter>Source Files</Filter>
    </ClInclude>
    <ClInclude Include="MyMutex.h">
      <Filter>Header Files</Filter>
    </ClInclude>
    <ClInclude Include="LoadTemplate.h">
      <Filter>Header Files</Filter>
    </ClInclude>
    <ClInclude Include="LoadTemplateManager.h">
      <Filter>Header Files</Filter>
    </ClInclude>
    <ClInclude Include="LoadThread.h">
      <Filter>Header Files</Filter>
    </ClInclude>
    <ClInclude Include="MyFile.h">
      <Filter>Header Files</Filter>
    </ClInclude>
    <ClInclude Include="Timer.h">
      <Filter>Header Files</Filter>
    </ClInclude>
    <ClInclude Include="CommonConfig.h">
      <Filter>Header Files</Filter>
    </ClInclude>
    <ClInclude Include="Thread.h">
      <Filter>Header Files</Filter>
    </ClInclude>
    <ClInclude Include="NoCopyable.h">
      <Filter>Header Files</Filter>
    </ClInclude>
    <ClInclude Include="OperatorNew.h">
      <Filter>Header Files</Filter>
    </ClInclude>
    <ClInclude Include="Singleton.h">
      <Filter>Header Files</Filter>
    </ClInclude>
    <ClInclude Include="DLAllocator.h">
      <Filter>Header Files</Filter>
    </ClInclude>
    <ClInclude Include="LogThread.h">
      <Filter>Header Files</Filter>
    </ClInclude>
    <ClInclude Include="FunctionBase.h">
      <Filter>Header Files</Filter>
    </ClInclude>
    <ClInclude Include="Time.h">
      <Filter>Header Files</Filter>
    </ClInclude>
    <ClInclude Include="Log.h">
      <Filter>Header Files</Filter>
    </ClInclude>
    <ClInclude Include="MyLog.h">
      <Filter>Header Files</Filter>
    </ClInclude>
    <ClInclude Include="RSAipher.h">
      <Filter>Header Files</Filter>
    </ClInclude>
    <ClInclude Include="AreaManager.h">
      <Filter>Header Files</Filter>
    </ClInclude>
    <ClInclude Include="MyVector.h">
      <Filter>Header Files</Filter>
    </ClInclude>
    <ClInclude Include="MyMath.h">
      <Filter>Header Files</Filter>
    </ClInclude>
    <ClInclude Include="SceneContentNpc.h">
      <Filter>Header Files</Filter>
    </ClInclude>
    <ClInclude Include="SceneContentItem.h">
      <Filter>Header Files</Filter>
    </ClInclude>
    <ClInclude Include="ParamDef.h">
      <Filter>Header Files</Filter>
    </ClInclude>
    <ClInclude Include="ParamDefManager.h">
      <Filter>Header Files</Filter>
    </ClInclude>
    <ClInclude Include="ParamEx.h">
      <Filter>Header Files</Filter>
    </ClInclude>
    <ClInclude Include="MyClass.h">
      <Filter>Header Files</Filter>
    </ClInclude>
    <ClInclude Include="BaseType.h">
      <Filter>Header Files</Filter>
    </ClInclude>
    <ClInclude Include="MyString.h">
      <Filter>Header Files</Filter>
    </ClInclude>
    <ClInclude Include="ParamPool.h">
      <Filter>Header Files</Filter>
    </ClInclude>
    <ClInclude Include="NpcParamDef.h">
      <Filter>Header Files</Filter>
    </ClInclude>
    <ClInclude Include="ParamSet.h">
      <Filter>Header Files</Filter>
    </ClInclude>
    <ClInclude Include="ParamDebugHelper.h">
      <Filter>Header Files</Filter>
    </ClInclude>
    <ClInclude Include="DataBuffer.h">
      <Filter>Header Files</Filter>
    </ClInclude>
    <ClInclude Include="MyMD5.h">
      <Filter>Header Files</Filter>
    </ClInclude>
    <ClInclude Include="NetManager.h">
      <Filter>Header Files</Filter>
    </ClInclude>
    <ClInclude Include="NetChannel.h">
      <Filter>Header Files</Filter>
    </ClInclude>
    <ClInclude Include="NetChannelBase.h">
      <Filter>Header Files</Filter>
    </ClInclude>
    <ClInclude Include="MySocket.h">
      <Filter>Header Files</Filter>
    </ClInclude>
    <ClInclude Include="MySockAddr.h">
      <Filter>Header Files</Filter>
    </ClInclude>
    <ClInclude Include="MYEvent.h">
      <Filter>Header Files</Filter>
    </ClInclude>
    <ClInclude Include="PacketBase.h">
      <Filter>Header Files</Filter>
    </ClInclude>
    <ClInclude Include="PacketList.h">
      <Filter>Header Files</Filter>
    </ClInclude>
    <ClInclude Include="Atomic.h">
      <Filter>Header Files</Filter>
    </ClInclude>
    <ClInclude Include="CircularBufferEx.h">
      <Filter>Header Files</Filter>
    </ClInclude>
    <ClInclude Include="PacketFactory.h">
      <Filter>Header Files</Filter>
    </ClInclude>
    <ClInclude Include="MyNetWork.h">
      <Filter>Header Files</Filter>
    </ClInclude>
    <ClInclude Include="CircularListEx.h">
      <Filter>Header Files</Filter>
    </ClInclude>
    <ClInclude Include="SocketAccept.h">
      <Filter>Header Files</Filter>
    </ClInclude>
    <ClInclude Include="DataSerialization.h">
      <Filter>Header Files</Filter>
    </ClInclude>
    <ClInclude Include="LZOCompressor.h">
      <Filter>Header Files</Filter>
    </ClInclude>
    <ClInclude Include="lzoconf.h">
      <Filter>Header Files</Filter>
    </ClInclude>
    <ClInclude Include="lzodefs.h">
      <Filter>Header Files</Filter>
    </ClInclude>
    <ClInclude Include="minilzo.h">
      <Filter>Header Files</Filter>
    </ClInclude>
    <ClInclude Include="BlowFishCipher.h">
      <Filter>Header Files</Filter>
    </ClInclude>
    <ClInclude Include="PacketProcessor.h">
      <Filter>Header Files</Filter>
    </ClInclude>
    <ClInclude Include="MyPacket.h">
      <Filter>Header Files</Filter>
    </ClInclude>
    <ClInclude Include="MyFactory.h">
      <Filter>Header Files</Filter>
    </ClInclude>
    <ClInclude Include="PacketImpl.h">
      <Filter>Header Files</Filter>
    </ClInclude>
    <ClInclude Include="PacketSender.h">
      <Filter>Header Files</Filter>
    </ClInclude>
  </ItemGroup>
  <ItemGroup>
    <ClCompile Include="stdafx.cpp">
      <Filter>Source Files</Filter>
    </ClCompile>
    <ClCompile Include="Test.cpp">
      <Filter>Source Files</Filter>
    </ClCompile>
    <ClCompile Include="DBInterface.cpp">
      <Filter>Source Files</Filter>
    </ClCompile>
    <ClCompile Include="ODBCInterface.cpp">
      <Filter>Source Files</Filter>
    </ClCompile>
    <ClCompile Include="Factory.cpp">
      <Filter>Source Files</Filter>
    </ClCompile>
    <ClCompile Include="FactoryManagerBase.cpp">
      <Filter>Source Files</Filter>
    </ClCompile>
    <ClCompile Include="UtilID.cpp">
      <Filter>Source Files</Filter>
    </ClCompile>
    <ClCompile Include="Allocator.cpp">
      <Filter>Source Files</Filter>
    </ClCompile>
    <ClCompile Include="PoolAllocatorEx.cpp">
      <Filter>Source Files</Filter>
    </ClCompile>
    <ClCompile Include="PoolAllocator.cpp">
      <Filter>Source Files</Filter>
    </ClCompile>
    <ClCompile Include="DLMalloc.cpp">
      <Filter>Source Files</Filter>
    </ClCompile>
    <ClCompile Include="MyMutex.cpp">
      <Filter>Source Files</Filter>
    </ClCompile>
    <ClCompile Include="DLMallocConfig.cpp">
      <Filter>Source Files</Filter>
    </ClCompile>
    <ClCompile Include="LoadTemplate.cpp">
      <Filter>Source Files</Filter>
    </ClCompile>
    <ClCompile Include="LoadTemplateManager.cpp">
      <Filter>Source Files</Filter>
    </ClCompile>
    <ClCompile Include="LoadThread.cpp">
      <Filter>Source Files</Filter>
    </ClCompile>
    <ClCompile Include="MyFile.cpp">
      <Filter>Source Files</Filter>
    </ClCompile>
    <ClCompile Include="CommonConfig.cpp">
      <Filter>Source Files</Filter>
    </ClCompile>
    <ClCompile Include="Thread.cpp">
      <Filter>Source Files</Filter>
    </ClCompile>
    <ClCompile Include="OperatorNew.cpp">
      <Filter>Source Files</Filter>
    </ClCompile>
    <ClCompile Include="DLAllocator.cpp">
      <Filter>Source Files</Filter>
    </ClCompile>
    <ClCompile Include="LogThread.cpp">
      <Filter>Source Files</Filter>
    </ClCompile>
    <ClCompile Include="FunctionBase.cpp">
      <Filter>Source Files</Filter>
    </ClCompile>
    <ClCompile Include="Time.cpp">
      <Filter>Source Files</Filter>
    </ClCompile>
    <ClCompile Include="Log.cpp">
      <Filter>Source Files</Filter>
    </ClCompile>
    <ClCompile Include="MyLog.cpp">
      <Filter>Source Files</Filter>
    </ClCompile>
    <ClCompile Include="RSAipher.cpp">
      <Filter>Source Files</Filter>
    </ClCompile>
    <ClCompile Include="AreaManager.cpp">
      <Filter>Source Files</Filter>
    </ClCompile>
    <ClCompile Include="MyVector.cpp">
      <Filter>Source Files</Filter>
    </ClCompile>
    <ClCompile Include="MyMath.cpp">
      <Filter>Source Files</Filter>
    </ClCompile>
    <ClCompile Include="SceneContentNpc.cpp">
      <Filter>Source Files</Filter>
    </ClCompile>
    <ClCompile Include="SceneContentItem.cpp">
      <Filter>Source Files</Filter>
    </ClCompile>
    <ClCompile Include="ParamDef.cpp">
      <Filter>Source Files</Filter>
    </ClCompile>
    <ClCompile Include="ParamDefManager.cpp">
      <Filter>Source Files</Filter>
    </ClCompile>
    <ClCompile Include="ParamEx.cpp">
      <Filter>Source Files</Filter>
    </ClCompile>
    <ClCompile Include="MyClass.cpp">
      <Filter>Source Files</Filter>
    </ClCompile>
    <ClCompile Include="MyString.cpp">
      <Filter>Source Files</Filter>
    </ClCompile>
    <ClCompile Include="ParamPool.cpp">
      <Filter>Source Files</Filter>
    </ClCompile>
    <ClCompile Include="NpcParamDef.cpp">
      <Filter>Source Files</Filter>
    </ClCompile>
    <ClCompile Include="ParamSet.cpp">
      <Filter>Header Files</Filter>
    </ClCompile>
    <ClCompile Include="ParamDebugHelper.cpp">
      <Filter>Source Files</Filter>
    </ClCompile>
    <ClCompile Include="DataBuffer.cpp">
      <Filter>Source Files</Filter>
    </ClCompile>
    <ClCompile Include="MyMD5.cpp">
      <Filter>Source Files</Filter>
    </ClCompile>
    <ClCompile Include="NetManager.cpp">
      <Filter>Source Files</Filter>
    </ClCompile>
    <ClCompile Include="NetChannel.cpp">
      <Filter>Source Files</Filter>
    </ClCompile>
    <ClCompile Include="NetChannelBase.cpp">
      <Filter>Source Files</Filter>
    </ClCompile>
    <ClCompile Include="NetEventHandler.cpp">
      <Filter>Source Files</Filter>
    </ClCompile>
    <ClCompile Include="MySocket.cpp">
      <Filter>Source Files</Filter>
    </ClCompile>
    <ClCompile Include="MYEvent.cpp">
      <Filter>Source Files</Filter>
    </ClCompile>
    <ClCompile Include="PacketBase.cpp">
      <Filter>Source Files</Filter>
    </ClCompile>
    <ClCompile Include="PacketList.cpp">
      <Filter>Source Files</Filter>
    </ClCompile>
    <ClCompile Include="Atomic.cpp">
      <Filter>Source Files</Filter>
    </ClCompile>
    <ClCompile Include="CircularBufferEx.cpp">
      <Filter>Source Files</Filter>
    </ClCompile>
    <ClCompile Include="PacketFactory.cpp">
      <Filter>Source Files</Filter>
    </ClCompile>
    <ClCompile Include="MyNetWork.cpp">
      <Filter>Source Files</Filter>
    </ClCompile>
    <ClCompile Include="NetReactor.cpp">
      <Filter>Source Files</Filter>
    </ClCompile>
    <ClCompile Include="CircularListEx.cpp">
      <Filter>Source Files</Filter>
    </ClCompile>
    <ClCompile Include="SocketAccept.cpp">
      <Filter>Source Files</Filter>
    </ClCompile>
    <ClCompile Include="DataSerialization.cpp">
      <Filter>Source Files</Filter>
    </ClCompile>
    <ClCompile Include="MySockAddr.cpp">
      <Filter>Source Files</Filter>
    </ClCompile>
    <ClCompile Include="LZOCompressor.cpp">
      <Filter>Source Files</Filter>
    </ClCompile>
    <ClCompile Include="minilzo.c">
      <Filter>Source Files</Filter>
    </ClCompile>
    <ClCompile Include="BlowFishCipher.cpp">
      <Filter>Source Files</Filter>
    </ClCompile>
    <ClCompile Include="PacketProcessor.cpp">
      <Filter>Source Files</Filter>
    </ClCompile>
    <ClCompile Include="MyPacket.cpp">
      <Filter>Source Files</Filter>
    </ClCompile>
    <ClCompile Include="MyFactory.cpp">
      <Filter>Source Files</Filter>
    </ClCompile>
    <ClCompile Include="PacketImpl.cpp">
      <Filter>Source Files</Filter>
    </ClCompile>
    <ClCompile Include="PacketSender.cpp">
      <Filter>Source Files</Filter>
    </ClCompile>
  </ItemGroup>
</Project>