
Microsoft Visual Studio Solution File, Format Version 12.00
# Visual Studio 2010
Project("{8BC9CEB8-8B4A-11D0-8D11-00A0C91BC942}") = "Test", "Test\Test.vcxproj", "{DC95BE4C-4BD8-4727-B720-2925FAAE912B}"
EndProject
Project("{8BC9CEB8-8B4A-11D0-8D11-00A0C91BC942}") = "FuncUnit", "FuncUnit\FuncUnit.vcxproj", "{A56784AF-B678-469A-9197-2777EA447D2D}"
EndProject
Project("{8BC9CEB8-8B4A-11D0-8D11-00A0C91BC942}") = "TestD", "TestD\TestD.vcxproj", "{30EF5E8A-3A8B-44F0-9057-1C0C3D8B4099}"
	ProjectSection(ProjectDependencies) = postProject
		{DC95BE4C-4BD8-4727-B720-2925FAAE912B} = {DC95BE4C-4BD8-4727-B720-2925FAAE912B}
	EndProjectSection
EndProject
Project("{8BC9CEB8-8B4A-11D0-8D11-00A0C91BC942}") = "TestW", "TestW\TestW.vcxproj", "{CCAA44BF-6946-457D-8B48-69638AE3F368}"
EndProject

Project("{8BC9CEB8-8B4A-11D0-8D11-00A0C91BC942}") = "TestG", "TestG\TestG.vcxproj", "{D05A5011-4BFD-400E-BC31-F268092D77E2}"
EndProject
Global
	GlobalSection(SolutionConfigurationPlatforms) = preSolution
		Debug|Win32 = Debug|Win32
		Debug|x64 = Debug|x64
		Release|Win32 = Release|Win32
		Release|x64 = Release|x64
	EndGlobalSection
	GlobalSection(ProjectConfigurationPlatforms) = postSolution
		{DC95BE4C-4BD8-4727-B720-2925FAAE912B}.Debug|Win32.ActiveCfg = Debug|Win32
		{DC95BE4C-4BD8-4727-B720-2925FAAE912B}.Debug|Win32.Build.0 = Debug|Win32
		{DC95BE4C-4BD8-4727-B720-2925FAAE912B}.Debug|x64.ActiveCfg = Debug|x64
		{DC95BE4C-4BD8-4727-B720-2925FAAE912B}.Debug|x64.Build.0 = Debug|x64
		{DC95BE4C-4BD8-4727-B720-2925FAAE912B}.Release|Win32.ActiveCfg = Release|Win32
		{DC95BE4C-4BD8-4727-B720-2925FAAE912B}.Release|Win32.Build.0 = Release|Win32
		{DC95BE4C-4BD8-4727-B720-2925FAAE912B}.Release|x64.ActiveCfg = Release|x64
		{DC95BE4C-4BD8-4727-B720-2925FAAE912B}.Release|x64.Build.0 = Release|x64
		{A56784AF-B678-469A-9197-2777EA447D2D}.Debug|Win32.ActiveCfg = Debug|Win32
		{A56784AF-B678-469A-9197-2777EA447D2D}.Debug|Win32.Build.0 = Debug|Win32
		{A56784AF-B678-469A-9197-2777EA447D2D}.Debug|x64.ActiveCfg = Debug|Win32
		{A56784AF-B678-469A-9197-2777EA447D2D}.Release|Win32.ActiveCfg = Release|Win32
		{A56784AF-B678-469A-9197-2777EA447D2D}.Release|Win32.Build.0 = Release|Win32
		{A56784AF-B678-469A-9197-2777EA447D2D}.Release|x64.ActiveCfg = Release|Win32
		{30EF5E8A-3A8B-44F0-9057-1C0C3D8B4099}.Debug|Win32.ActiveCfg = Debug|Win32
		{30EF5E8A-3A8B-44F0-9057-1C0C3D8B4099}.Debug|Win32.Build.0 = Debug|Win32
		{30EF5E8A-3A8B-44F0-9057-1C0C3D8B4099}.Debug|x64.ActiveCfg = Debug|Win32
		{30EF5E8A-3A8B-44F0-9057-1C0C3D8B4099}.Debug|x64.ActiveCfg = Debug|x64
		{30EF5E8A-3A8B-44F0-9057-1C0C3D8B4099}.Debug|x64.Build.0 = Debug|x64
		{30EF5E8A-3A8B-44F0-9057-1C0C3D8B4099}.Release|Win32.ActiveCfg = Release|Win32
		{30EF5E8A-3A8B-44F0-9057-1C0C3D8B4099}.Release|Win32.Build.0 = Release|Win32
		{30EF5E8A-3A8B-44F0-9057-1C0C3D8B4099}.Release|x64.ActiveCfg = Release|Win32
		{D05A5011-4BFD-400E-BC31-F268092D77E2}.Debug|Win32.ActiveCfg = Debug|Win32
		{D05A5011-4BFD-400E-BC31-F268092D77E2}.Debug|Win32.Build.0 = Debug|Win32
		{D05A5011-4BFD-400E-BC31-F268092D77E2}.Debug|x64.ActiveCfg = Debug|x64
		{D05A5011-4BFD-400E-BC31-F268092D77E2}.Debug|x64.Build.0 = Debug|x64
		{D05A5011-4BFD-400E-BC31-F268092D77E2}.Release|Win32.ActiveCfg = Release|Win32
		{D05A5011-4BFD-400E-BC31-F268092D77E2}.Release|Win32.Build.0 = Release|Win32
		{D05A5011-4BFD-400E-BC31-F268092D77E2}.Release|x64.ActiveCfg = Release|Win32
	EndGlobalSection
	GlobalSection(SolutionProperties) = preSolution
		HideSolutionNode = FALSE
	EndGlobalSection
EndGlobal
