<?xml version="1.0" encoding="utf-8"?>
<Project ToolsVersion="4.0" xmlns="http://schemas.microsoft.com/developer/msbuild/2003">
  <ItemGroup>
    <Filter Include="源文件">
      <UniqueIdentifier>{4FC737F1-C7A5-4376-A066-2A32D752A2FF}</UniqueIdentifier>
      <Extensions>cpp;c;cc;cxx;def;odl;idl;hpj;bat;asm;asmx</Extensions>
    </Filter>
    <Filter Include="头文件">
      <UniqueIdentifier>{93995380-89BD-4b04-88EB-625FBE52EBFB}</UniqueIdentifier>
      <Extensions>h;hpp;hxx;hm;inl;inc;xsd</Extensions>
    </Filter>
    <Filter Include="资源文件">
      <UniqueIdentifier>{67DA6AB6-F800-4c08-8B7A-83BB121AAD01}</UniqueIdentifier>
      <Extensions>rc;ico;cur;bmp;dlg;rc2;rct;bin;rgs;gif;jpg;jpeg;jpe;resx;tiff;tif;png;wav;mfcribbon-ms</Extensions>
    </Filter>
  </ItemGroup>
  <ItemGroup>
    <None Include="ReadMe.txt" />
  </ItemGroup>
  <ItemGroup>
    <ClInclude Include="stdafx.h">
      <Filter>头文件</Filter>
    </ClInclude>
    <ClInclude Include="targetver.h">
      <Filter>头文件</Filter>
    </ClInclude>
    <ClInclude Include="WorldBase.h">
      <Filter>头文件</Filter>
    </ClInclude>
    <ClInclude Include="WorldStage.h">
      <Filter>头文件</Filter>
    </ClInclude>
    <ClInclude Include="WorldStage_Logining.h">
      <Filter>头文件</Filter>
    </ClInclude>
    <ClInclude Include="WorldAvatar.h">
      <Filter>头文件</Filter>
    </ClInclude>
    <ClInclude Include="AvatarOnLineManager.h">
      <Filter>头文件</Filter>
    </ClInclude>
    <ClInclude Include="WorldAvatarGroup.h">
      <Filter>头文件</Filter>
    </ClInclude>
    <ClInclude Include="WorldFuncExManager.h">
      <Filter>头文件</Filter>
    </ClInclude>
    <ClInclude Include="WorldFuncManager.h">
      <Filter>头文件</Filter>
    </ClInclude>
    <ClInclude Include="WorldAvatarManager.h">
      <Filter>头文件</Filter>
    </ClInclude>
    <ClInclude Include="WorldSceneManager.h">
      <Filter>头文件</Filter>
    </ClInclude>
    <ClInclude Include="WorldAyncContextManager.h">
      <Filter>头文件</Filter>
    </ClInclude>
  </ItemGroup>
  <ItemGroup>
    <ClCompile Include="stdafx.cpp">
      <Filter>源文件</Filter>
    </ClCompile>
    <ClCompile Include="TestW.cpp">
      <Filter>源文件</Filter>
    </ClCompile>
    <ClCompile Include="WorldBase.cpp">
      <Filter>源文件</Filter>
    </ClCompile>
    <ClCompile Include="WorldStage.cpp">
      <Filter>源文件</Filter>
    </ClCompile>
    <ClCompile Include="WorldStage_Logining.cpp">
      <Filter>源文件</Filter>
    </ClCompile>
    <ClCompile Include="WorldAvatar.cpp">
      <Filter>源文件</Filter>
    </ClCompile>
    <ClCompile Include="AvatarOnLineManager.cpp">
      <Filter>源文件</Filter>
    </ClCompile>
    <ClCompile Include="WorldAvatarGroup.cpp">
      <Filter>源文件</Filter>
    </ClCompile>
    <ClCompile Include="WorldFuncExManager.cpp">
      <Filter>源文件</Filter>
    </ClCompile>
    <ClCompile Include="WorldFuncManager.cpp">
      <Filter>源文件</Filter>
    </ClCompile>
    <ClCompile Include="WorldAvatarManager.cpp">
      <Filter>源文件</Filter>
    </ClCompile>
    <ClCompile Include="WorldSceneManager.cpp">
      <Filter>源文件</Filter>
    </ClCompile>
    <ClCompile Include="WorldAyncContextManager.cpp">
      <Filter>源文件</Filter>
    </ClCompile>
  </ItemGroup>
</Project>