<?xml version="1.0" encoding="utf-8"?>
<Project ToolsVersion="4.0" xmlns="http://schemas.microsoft.com/developer/msbuild/2003">
  <ItemGroup>
    <Filter Include="Source Files">
      <UniqueIdentifier>{4FC737F1-C7A5-4376-A066-2A32D752A2FF}</UniqueIdentifier>
      <Extensions>cpp;c;cc;cxx;def;odl;idl;hpj;bat;asm;asmx</Extensions>
    </Filter>
    <Filter Include="Header Files">
      <UniqueIdentifier>{93995380-89BD-4b04-88EB-625FBE52EBFB}</UniqueIdentifier>
      <Extensions>h;hpp;hxx;hm;inl;inc;xsd</Extensions>
    </Filter>
    <Filter Include="Resource Files">
      <UniqueIdentifier>{67DA6AB6-F800-4c08-8B7A-83BB121AAD01}</UniqueIdentifier>
      <Extensions>rc;ico;cur;bmp;dlg;rc2;rct;bin;rgs;gif;jpg;jpeg;jpe;resx;tiff;tif;png;wav;mfcribbon-ms</Extensions>
    </Filter>
    <Filter Include="Game">
      <UniqueIdentifier>{ff72b6d1-68dd-4536-a47e-c6f4ce9f39da}</UniqueIdentifier>
    </Filter>
    <Filter Include="Game\State">
      <UniqueIdentifier>{7f83279a-9358-4d9f-a4e2-431e102b7c4b}</UniqueIdentifier>
    </Filter>
  </ItemGroup>
  <ItemGroup>
    <None Include="ReadMe.txt" />
  </ItemGroup>
  <ItemGroup>
    <ClInclude Include="stdafx.h">
      <Filter>Header Files</Filter>
    </ClInclude>
    <ClInclude Include="targetver.h">
      <Filter>Header Files</Filter>
    </ClInclude>
    <ClInclude Include="GateServer.h">
      <Filter>Header Files</Filter>
    </ClInclude>
    <ClInclude Include="GateBase.h">
      <Filter>Header Files</Filter>
    </ClInclude>
    <ClInclude Include="GateCltNetManager.h">
      <Filter>Header Files</Filter>
    </ClInclude>
    <ClInclude Include="resource.h">
      <Filter>Header Files</Filter>
    </ClInclude>
    <ClInclude Include="GateFuncExManager.h">
      <Filter>Header Files</Filter>
    </ClInclude>
    <ClInclude Include="GateAccount.h">
      <Filter>Header Files</Filter>
    </ClInclude>
    <ClInclude Include="GateLoginManager.h">
      <Filter>Header Files</Filter>
    </ClInclude>
    <ClInclude Include="GateFuncManager.h">
      <Filter>Header Files</Filter>
    </ClInclude>
    <ClInclude Include="GateSystemManager.h">
      <Filter>Header Files</Filter>
    </ClInclude>
    <ClInclude Include="GateAccountStates.h">
      <Filter>Header Files</Filter>
    </ClInclude>
    <ClInclude Include="GatePktProc.h">
      <Filter>Header Files</Filter>
    </ClInclude>
    <ClInclude Include="GateChatManager.h">
      <Filter>Header Files</Filter>
    </ClInclude>
  </ItemGroup>
  <ItemGroup>
    <ClCompile Include="stdafx.cpp">
      <Filter>Source Files</Filter>
    </ClCompile>
    <ClCompile Include="TestG.cpp">
      <Filter>Source Files</Filter>
    </ClCompile>
    <ClCompile Include="GateServer.cpp">
      <Filter>Source Files</Filter>
    </ClCompile>
    <ClCompile Include="GateBase.cpp">
      <Filter>Source Files</Filter>
    </ClCompile>
    <ClCompile Include="GateCltNetManager.cpp">
      <Filter>Source Files</Filter>
    </ClCompile>
    <ClCompile Include="GateFuncExManager.cpp">
      <Filter>Source Files</Filter>
    </ClCompile>
    <ClCompile Include="GateAccount.cpp">
      <Filter>Source Files</Filter>
    </ClCompile>
    <ClCompile Include="GateLoginManager.cpp">
      <Filter>Source Files</Filter>
    </ClCompile>
    <ClCompile Include="GateFuncManager.cpp">
      <Filter>Source Files</Filter>
    </ClCompile>
    <ClCompile Include="GateSystemManager.cpp">
      <Filter>Source Files</Filter>
    </ClCompile>
    <ClCompile Include="GateAccountStates.cpp">
      <Filter>Source Files</Filter>
    </ClCompile>
    <ClCompile Include="GatePktProc.cpp">
      <Filter>Source Files</Filter>
    </ClCompile>
    <ClCompile Include="GateChatManager.cpp">
      <Filter>Source Files</Filter>
    </ClCompile>
  </ItemGroup>
</Project>