<?xml version="1.0" encoding="utf-8"?>
<Project ToolsVersion="4.0" xmlns="http://schemas.microsoft.com/developer/msbuild/2003">
  <ItemGroup>
    <Filter Include="Source Files">
      <UniqueIdentifier>{4FC737F1-C7A5-4376-A066-2A32D752A2FF}</UniqueIdentifier>
      <Extensions>cpp;c;cc;cxx;def;odl;idl;hpj;bat;asm;asmx</Extensions>
    </Filter>
    <Filter Include="Header Files">
      <UniqueIdentifier>{93995380-89BD-4b04-88EB-625FBE52EBFB}</UniqueIdentifier>
      <Extensions>h;hpp;hxx;hm;inl;inc;xsd</Extensions>
    </Filter>
    <Filter Include="Resource Files">
      <UniqueIdentifier>{67DA6AB6-F800-4c08-8B7A-83BB121AAD01}</UniqueIdentifier>
      <Extensions>rc;ico;cur;bmp;dlg;rc2;rct;bin;rgs;gif;jpg;jpeg;jpe;resx;tiff;tif;png;wav;mfcribbon-ms</Extensions>
    </Filter>
    <Filter Include="Game">
      <UniqueIdentifier>{ec993709-371b-4525-90aa-70fa9504b6e9}</UniqueIdentifier>
    </Filter>
    <Filter Include="Game\Scenario">
      <UniqueIdentifier>{ce9699fa-917a-4199-99b1-5aeda7f28407}</UniqueIdentifier>
    </Filter>
    <Filter Include="Game\Avatar">
      <UniqueIdentifier>{0ec9a695-1a49-403f-a2cd-e58935caefac}</UniqueIdentifier>
    </Filter>
    <Filter Include="Game\Scene">
      <UniqueIdentifier>{f5eb7da0-ea2e-4411-adf8-d073448dce38}</UniqueIdentifier>
    </Filter>
    <Filter Include="Game\LogicTree">
      <UniqueIdentifier>{2b2f3f87-cf0a-48fc-b03d-48b7ce9c7ab6}</UniqueIdentifier>
    </Filter>
  </ItemGroup>
  <ItemGroup>
    <None Include="ReadMe.txt" />
  </ItemGroup>
  <ItemGroup>
    <ClInclude Include="stdafx.h">
      <Filter>Header Files</Filter>
    </ClInclude>
    <ClInclude Include="targetver.h">
      <Filter>Header Files</Filter>
    </ClInclude>
    <ClInclude Include="SpaceManager.h">
      <Filter>Header Files</Filter>
    </ClInclude>
    <ClInclude Include="SpaceGrid.h">
      <Filter>Header Files</Filter>
    </ClInclude>
    <ClInclude Include="NodeScenario.h">
      <Filter>Game\Scenario</Filter>
    </ClInclude>
    <ClInclude Include="NodeScene.h">
      <Filter>Game\Scenario</Filter>
    </ClInclude>
    <ClInclude Include="Scenario.h">
      <Filter>Game\Scenario</Filter>
    </ClInclude>
    <ClInclude Include="Scenario_LoadContent.h">
      <Filter>Game\Scenario</Filter>
    </ClInclude>
    <ClInclude Include="ScenarioDef.h">
      <Filter>Game\Scenario</Filter>
    </ClInclude>
    <ClInclude Include="ScenarioManager.h">
      <Filter>Game\Scenario</Filter>
    </ClInclude>
    <ClInclude Include="ScenarioMgr.h">
      <Filter>Game\Scenario</Filter>
    </ClInclude>
    <ClInclude Include="NodeServer.h">
      <Filter>Header Files</Filter>
    </ClInclude>
    <ClInclude Include="NodeBase.h">
      <Filter>Header Files</Filter>
    </ClInclude>
    <ClInclude Include="NodeScene_CreateDestroy.h">
      <Filter>Header Files</Filter>
    </ClInclude>
    <ClInclude Include="NodeScene_Space.h">
      <Filter>Header Files</Filter>
    </ClInclude>
    <ClInclude Include="NodeScene_ObjMgr.h">
      <Filter>Header Files</Filter>
    </ClInclude>
    <ClInclude Include="ISceneObjFinder.h">
      <Filter>Header Files</Filter>
    </ClInclude>
    <ClInclude Include="MyBullet.h">
      <Filter>Header Files</Filter>
    </ClInclude>
    <ClInclude Include="NodeAvatar.h">
      <Filter>Game\Avatar</Filter>
    </ClInclude>
    <ClInclude Include="NodeAvatarFSM.h">
      <Filter>Game\Avatar</Filter>
    </ClInclude>
    <ClInclude Include="NodeAvatarComponent.h">
      <Filter>Game\Avatar</Filter>
    </ClInclude>
    <ClInclude Include="SpaceObject.h">
      <Filter>Header Files</Filter>
    </ClInclude>
    <ClInclude Include="SceneContentItem.h">
      <Filter>Game\Scene</Filter>
    </ClInclude>
    <ClInclude Include="NodeScenarioManager.h">
      <Filter>Game\Scenario</Filter>
    </ClInclude>
    <ClInclude Include="MyLogicImpl.h">
      <Filter>Header Files</Filter>
    </ClInclude>
    <ClInclude Include="AIBehaviorSelector.h">
      <Filter>Header Files</Filter>
    </ClInclude>
    <ClInclude Include="AIBehavior.h">
      <Filter>Header Files</Filter>
    </ClInclude>
    <ClInclude Include="AIBehaviorAction.h">
      <Filter>Header Files</Filter>
    </ClInclude>
    <ClInclude Include="AISerializeBase.h">
      <Filter>Header Files</Filter>
    </ClInclude>
    <ClInclude Include="resource.h">
      <Filter>Header Files</Filter>
    </ClInclude>
    <ClInclude Include="AITypeDefine.h">
      <Filter>Header Files</Filter>
    </ClInclude>
    <ClInclude Include="AIBehaviorWeight.h">
      <Filter>Header Files</Filter>
    </ClInclude>
  </ItemGroup>
  <ItemGroup>
    <ClCompile Include="stdafx.cpp">
      <Filter>Source Files</Filter>
    </ClCompile>
    <ClCompile Include="TestN.cpp">
      <Filter>Source Files</Filter>
    </ClCompile>
    <ClCompile Include="SpaceManager.cpp">
      <Filter>Source Files</Filter>
    </ClCompile>
    <ClCompile Include="SpaceGrid.cpp">
      <Filter>Source Files</Filter>
    </ClCompile>
    <ClCompile Include="Scenario_LoadContent.cpp">
      <Filter>Game\Scenario</Filter>
    </ClCompile>
    <ClCompile Include="ScenarioDef.cpp">
      <Filter>Game\Scenario</Filter>
    </ClCompile>
    <ClCompile Include="ScenarioManager.cpp">
      <Filter>Game\Scenario</Filter>
    </ClCompile>
    <ClCompile Include="ScenarioMgr.cpp">
      <Filter>Game\Scenario</Filter>
    </ClCompile>
    <ClCompile Include="NodeScenario.cpp">
      <Filter>Game\Scenario</Filter>
    </ClCompile>
    <ClCompile Include="NodeScene.cpp">
      <Filter>Game\Scenario</Filter>
    </ClCompile>
    <ClCompile Include="Scenario.cpp">
      <Filter>Game\Scenario</Filter>
    </ClCompile>
    <ClCompile Include="NodeServer.cpp">
      <Filter>Source Files</Filter>
    </ClCompile>
    <ClCompile Include="NodeBase.cpp">
      <Filter>Source Files</Filter>
    </ClCompile>
    <ClCompile Include="NodeScene_CreateDestroy.cpp">
      <Filter>Source Files</Filter>
    </ClCompile>
    <ClCompile Include="NodeScene_Space.cpp">
      <Filter>Source Files</Filter>
    </ClCompile>
    <ClCompile Include="NodeScene_ObjMgr.cpp">
      <Filter>Source Files</Filter>
    </ClCompile>
    <ClCompile Include="ISceneObjFinder.cpp">
      <Filter>Source Files</Filter>
    </ClCompile>
    <ClCompile Include="MyBullet.cpp">
      <Filter>Source Files</Filter>
    </ClCompile>
    <ClCompile Include="NodeAvatar.cpp">
      <Filter>Game\Avatar</Filter>
    </ClCompile>
    <ClCompile Include="NodeAvatarFSM.cpp">
      <Filter>Game\Avatar</Filter>
    </ClCompile>
    <ClCompile Include="NodeAvatarComponent.cpp">
      <Filter>Game\Avatar</Filter>
    </ClCompile>
    <ClCompile Include="SpaceObject.cpp">
      <Filter>Source Files</Filter>
    </ClCompile>
    <ClCompile Include="NodeScenarioManager.cpp">
      <Filter>Game\Scenario</Filter>
    </ClCompile>
    <ClCompile Include="SceneContentItem.cpp">
      <Filter>Game\Scene</Filter>
    </ClCompile>
    <ClCompile Include="MyLogicImpl.cpp">
      <Filter>Source Files</Filter>
    </ClCompile>
    <ClCompile Include="AIBehaviorSelector.cpp">
      <Filter>Source Files</Filter>
    </ClCompile>
    <ClCompile Include="AIBehavior.cpp">
      <Filter>Source Files</Filter>
    </ClCompile>
    <ClCompile Include="AIBehaviorAction.cpp">
      <Filter>Source Files</Filter>
    </ClCompile>
    <ClCompile Include="AISerializeBase.cpp">
      <Filter>Source Files</Filter>
    </ClCompile>
    <ClCompile Include="AITypeDefine.cpp">
      <Filter>Source Files</Filter>
    </ClCompile>
    <ClCompile Include="AIBehaviorWeight.cpp">
      <Filter>Source Files</Filter>
    </ClCompile>
  </ItemGroup>
</Project>